
Microsoft Visual Studio Solution File, Format Version 12.00
# Visual Studio Version 17
VisualStudioVersion = 17.4.33205.214
MinimumVisualStudioVersion = 10.0.40219.1
Project("{9A19103F-16F7-4668-BE54-9A1E7A4F7556}") = "SignalRAssignment", "SignalRAssignment\SignalRAssignment.csproj", "{77014466-DD64-481D-BCBE-347DE8FD5CE5}"
EndProject
Project("{FAE04EC0-301F-11D3-BF4B-00C04F79EFBC}") = "DataAccessLayer", "DataAccessLayer\DataAccessLayer.csproj", "{2ABB7483-4270-40C2-A975-1DE90EC047F2}"
EndProject
Project("{FAE04EC0-301F-11D3-BF4B-00C04F79EFBC}") = "RepositoryLayer", "ClassLibrary1\RepositoryLayer.csproj", "{19F91786-AABA-449B-A694-7302011B5BA0}"
EndProject
Global
	GlobalSection(SolutionConfigurationPlatforms) = preSolution
		Debug|Any CPU = Debug|Any CPU
		Release|Any CPU = Release|Any CPU
	EndGlobalSection
	GlobalSection(ProjectConfigurationPlatforms) = postSolution
		{77014466-DD64-481D-BCBE-347DE8FD5CE5}.Debug|Any CPU.ActiveCfg = Debug|Any CPU
		{77014466-DD64-481D-BCBE-347DE8FD5CE5}.Debug|Any CPU.Build.0 = Debug|Any CPU
		{77014466-DD64-481D-BCBE-347DE8FD5CE5}.Release|Any CPU.ActiveCfg = Release|Any CPU
		{77014466-DD64-481D-BCBE-347DE8FD5CE5}.Release|Any CPU.Build.0 = Release|Any CPU
		{2ABB7483-4270-40C2-A975-1DE90EC047F2}.Debug|Any CPU.ActiveCfg = Debug|Any CPU
		{2ABB7483-4270-40C2-A975-1DE90EC047F2}.Debug|Any CPU.Build.0 = Debug|Any CPU
		{2ABB7483-4270-40C2-A975-1DE90EC047F2}.Release|Any CPU.ActiveCfg = Release|Any CPU
		{2ABB7483-4270-40C2-A975-1DE90EC047F2}.Release|Any CPU.Build.0 = Release|Any CPU
		{19F91786-AABA-449B-A694-7302011B5BA0}.Debug|Any CPU.ActiveCfg = Debug|Any CPU
		{19F91786-AABA-449B-A694-7302011B5BA0}.Debug|Any CPU.Build.0 = Debug|Any CPU
		{19F91786-AABA-449B-A694-7302011B5BA0}.Release|Any CPU.ActiveCfg = Release|Any CPU
		{19F91786-AABA-449B-A694-7302011B5BA0}.Release|Any CPU.Build.0 = Release|Any CPU
	EndGlobalSection
	GlobalSection(SolutionProperties) = preSolution
		HideSolutionNode = FALSE
	EndGlobalSection
	GlobalSection(ExtensibilityGlobals) = postSolution
		SolutionGuid = {938493CF-D291-42A9-97BF-84768C152EEA}
	EndGlobalSection
EndGlobal
